
Microsoft Visual Studio Solution File, Format Version 12.00
# Visual Studio 15
VisualStudioVersion = 15.0.27130.2036
MinimumVisualStudioVersion = 10.0.40219.1
Project("{2150E333-8FDC-42A3-9474-1A3956D46DE8}") = "Data", "Data", "{1CD6CB6C-D22A-4D05-AB48-D0C68E528610}"
EndProject
Project("{FAE04EC0-301F-11D3-BF4B-00C04F79EFBC}") = "DAL", "DAL\DAL.csproj", "{8B1CAA45-DD44-49FA-AEC2-7CFE6D9BC88D}"
EndProject
Project("{FAE04EC0-301F-11D3-BF4B-00C04F79EFBC}") = "Models", "Models\Models.csproj", "{1FC0A8E5-14A7-48A1-A8C3-7DCC3F284C74}"
EndProject
Project("{FAE04EC0-301F-11D3-BF4B-00C04F79EFBC}") = "Common", "Common\Common.csproj", "{F571598B-4881-428A-A7DA-20A5C009CFD7}"
EndProject
Project("{FAE04EC0-301F-11D3-BF4B-00C04F79EFBC}") = "DTO", "DTO\DTO.csproj", "{8B3DB55B-0F4A-4C69-B2D9-9D05ADE25D82}"
EndProject
Project("{FAE04EC0-301F-11D3-BF4B-00C04F79EFBC}") = "Services", "Services\Services.csproj", "{CB028B6F-CF91-4F35-AAE3-8AB997AD53CB}"
EndProject
Project("{FAE04EC0-301F-11D3-BF4B-00C04F79EFBC}") = "Client.WPF", "Client.WPF\Client.WPF.csproj", "{0E87AE82-4FA2-4C39-8996-F438A8D129C1}"
EndProject
Project("{FAE04EC0-301F-11D3-BF4B-00C04F79EFBC}") = "Json.Reader", "JsonReader\Json.Reader.csproj", "{C7B2CA45-37A9-4980-B227-59C1B8F0D3FA}"
EndProject
Project("{2150E333-8FDC-42A3-9474-1A3956D46DE8}") = "Tests", "Tests", "{C9545A4B-E1B8-4574-9516-0746DD53AB0A}"
EndProject
Project("{FAE04EC0-301F-11D3-BF4B-00C04F79EFBC}") = "Models.UnitTests", "Models.UnitTests\Models.UnitTests.csproj", "{4F09014F-2D07-4F06-A93F-CE7F9723A2B0}"
EndProject
Global
	GlobalSection(SolutionConfigurationPlatforms) = preSolution
		Debug|Any CPU = Debug|Any CPU
		Release|Any CPU = Release|Any CPU
	EndGlobalSection
	GlobalSection(ProjectConfigurationPlatforms) = postSolution
		{8B1CAA45-DD44-49FA-AEC2-7CFE6D9BC88D}.Debug|Any CPU.ActiveCfg = Debug|Any CPU
		{8B1CAA45-DD44-49FA-AEC2-7CFE6D9BC88D}.Debug|Any CPU.Build.0 = Debug|Any CPU
		{8B1CAA45-DD44-49FA-AEC2-7CFE6D9BC88D}.Release|Any CPU.ActiveCfg = Release|Any CPU
		{8B1CAA45-DD44-49FA-AEC2-7CFE6D9BC88D}.Release|Any CPU.Build.0 = Release|Any CPU
		{1FC0A8E5-14A7-48A1-A8C3-7DCC3F284C74}.Debug|Any CPU.ActiveCfg = Debug|Any CPU
		{1FC0A8E5-14A7-48A1-A8C3-7DCC3F284C74}.Debug|Any CPU.Build.0 = Debug|Any CPU
		{1FC0A8E5-14A7-48A1-A8C3-7DCC3F284C74}.Release|Any CPU.ActiveCfg = Release|Any CPU
		{1FC0A8E5-14A7-48A1-A8C3-7DCC3F284C74}.Release|Any CPU.Build.0 = Release|Any CPU
		{F571598B-4881-428A-A7DA-20A5C009CFD7}.Debug|Any CPU.ActiveCfg = Debug|Any CPU
		{F571598B-4881-428A-A7DA-20A5C009CFD7}.Debug|Any CPU.Build.0 = Debug|Any CPU
		{F571598B-4881-428A-A7DA-20A5C009CFD7}.Release|Any CPU.ActiveCfg = Release|Any CPU
		{F571598B-4881-428A-A7DA-20A5C009CFD7}.Release|Any CPU.Build.0 = Release|Any CPU
		{8B3DB55B-0F4A-4C69-B2D9-9D05ADE25D82}.Debug|Any CPU.ActiveCfg = Debug|Any CPU
		{8B3DB55B-0F4A-4C69-B2D9-9D05ADE25D82}.Debug|Any CPU.Build.0 = Debug|Any CPU
		{8B3DB55B-0F4A-4C69-B2D9-9D05ADE25D82}.Release|Any CPU.ActiveCfg = Release|Any CPU
		{8B3DB55B-0F4A-4C69-B2D9-9D05ADE25D82}.Release|Any CPU.Build.0 = Release|Any CPU
		{CB028B6F-CF91-4F35-AAE3-8AB997AD53CB}.Debug|Any CPU.ActiveCfg = Debug|Any CPU
		{CB028B6F-CF91-4F35-AAE3-8AB997AD53CB}.Debug|Any CPU.Build.0 = Debug|Any CPU
		{CB028B6F-CF91-4F35-AAE3-8AB997AD53CB}.Release|Any CPU.ActiveCfg = Release|Any CPU
		{CB028B6F-CF91-4F35-AAE3-8AB997AD53CB}.Release|Any CPU.Build.0 = Release|Any CPU
		{0E87AE82-4FA2-4C39-8996-F438A8D129C1}.Debug|Any CPU.ActiveCfg = Debug|Any CPU
		{0E87AE82-4FA2-4C39-8996-F438A8D129C1}.Debug|Any CPU.Build.0 = Debug|Any CPU
		{0E87AE82-4FA2-4C39-8996-F438A8D129C1}.Release|Any CPU.ActiveCfg = Release|Any CPU
		{0E87AE82-4FA2-4C39-8996-F438A8D129C1}.Release|Any CPU.Build.0 = Release|Any CPU
		{C7B2CA45-37A9-4980-B227-59C1B8F0D3FA}.Debug|Any CPU.ActiveCfg = Debug|Any CPU
		{C7B2CA45-37A9-4980-B227-59C1B8F0D3FA}.Debug|Any CPU.Build.0 = Debug|Any CPU
		{C7B2CA45-37A9-4980-B227-59C1B8F0D3FA}.Release|Any CPU.ActiveCfg = Release|Any CPU
		{C7B2CA45-37A9-4980-B227-59C1B8F0D3FA}.Release|Any CPU.Build.0 = Release|Any CPU
		{4F09014F-2D07-4F06-A93F-CE7F9723A2B0}.Debug|Any CPU.ActiveCfg = Debug|Any CPU
		{4F09014F-2D07-4F06-A93F-CE7F9723A2B0}.Debug|Any CPU.Build.0 = Debug|Any CPU
		{4F09014F-2D07-4F06-A93F-CE7F9723A2B0}.Release|Any CPU.ActiveCfg = Release|Any CPU
		{4F09014F-2D07-4F06-A93F-CE7F9723A2B0}.Release|Any CPU.Build.0 = Release|Any CPU
	EndGlobalSection
	GlobalSection(SolutionProperties) = preSolution
		HideSolutionNode = FALSE
	EndGlobalSection
	GlobalSection(NestedProjects) = preSolution
		{8B1CAA45-DD44-49FA-AEC2-7CFE6D9BC88D} = {1CD6CB6C-D22A-4D05-AB48-D0C68E528610}
		{1FC0A8E5-14A7-48A1-A8C3-7DCC3F284C74} = {1CD6CB6C-D22A-4D05-AB48-D0C68E528610}
		{4F09014F-2D07-4F06-A93F-CE7F9723A2B0} = {C9545A4B-E1B8-4574-9516-0746DD53AB0A}
	EndGlobalSection
	GlobalSection(ExtensibilityGlobals) = postSolution
		SolutionGuid = {688049EF-118D-4D1B-B14A-CE09581EB160}
	EndGlobalSection
EndGlobal
